
Microsoft Visual Studio Solution File, Format Version 12.00
# Visual Studio Version 17
VisualStudioVersion = 17.4.33205.214
MinimumVisualStudioVersion = 10.0.40219.1
Project("{FAE04EC0-301F-11D3-BF4B-00C04F79EFBC}") = "LexiconLMS.App.Server", "LexiconLMS.App\Server\LexiconLMS.App.Server.csproj", "{493C964D-C3E5-4919-80B8-A09001B80A09}"
EndProject
Project("{FAE04EC0-301F-11D3-BF4B-00C04F79EFBC}") = "LexiconLMS.App.Client", "LexiconLMS.App\Client\LexiconLMS.App.Client.csproj", "{EC028758-6748-4941-994D-60082CDAB164}"
EndProject
Project("{FAE04EC0-301F-11D3-BF4B-00C04F79EFBC}") = "LexiconLMS.App.Shared", "LexiconLMS.App\Shared\LexiconLMS.App.Shared.csproj", "{130E804D-C3E0-4250-B015-79F0C92EFA3D}"
EndProject
Global
	GlobalSection(SolutionConfigurationPlatforms) = preSolution
		Debug|Any CPU = Debug|Any CPU
		Release|Any CPU = Release|Any CPU
	EndGlobalSection
	GlobalSection(ProjectConfigurationPlatforms) = postSolution
		{493C964D-C3E5-4919-80B8-A09001B80A09}.Debug|Any CPU.ActiveCfg = Debug|Any CPU
		{493C964D-C3E5-4919-80B8-A09001B80A09}.Debug|Any CPU.Build.0 = Debug|Any CPU
		{493C964D-C3E5-4919-80B8-A09001B80A09}.Release|Any CPU.ActiveCfg = Release|Any CPU
		{493C964D-C3E5-4919-80B8-A09001B80A09}.Release|Any CPU.Build.0 = Release|Any CPU
		{EC028758-6748-4941-994D-60082CDAB164}.Debug|Any CPU.ActiveCfg = Debug|Any CPU
		{EC028758-6748-4941-994D-60082CDAB164}.Debug|Any CPU.Build.0 = Debug|Any CPU
		{EC028758-6748-4941-994D-60082CDAB164}.Release|Any CPU.ActiveCfg = Release|Any CPU
		{EC028758-6748-4941-994D-60082CDAB164}.Release|Any CPU.Build.0 = Release|Any CPU
		{130E804D-C3E0-4250-B015-79F0C92EFA3D}.Debug|Any CPU.ActiveCfg = Debug|Any CPU
		{130E804D-C3E0-4250-B015-79F0C92EFA3D}.Debug|Any CPU.Build.0 = Debug|Any CPU
		{130E804D-C3E0-4250-B015-79F0C92EFA3D}.Release|Any CPU.ActiveCfg = Release|Any CPU
		{130E804D-C3E0-4250-B015-79F0C92EFA3D}.Release|Any CPU.Build.0 = Release|Any CPU
	EndGlobalSection
	GlobalSection(SolutionProperties) = preSolution
		HideSolutionNode = FALSE
	EndGlobalSection
	GlobalSection(ExtensibilityGlobals) = postSolution
		SolutionGuid = {8490B979-B08C-41F9-8BE2-84AD071F8D6E}
	EndGlobalSection
EndGlobal
